
Microsoft Visual Studio Solution File, Format Version 12.00
# Visual Studio Version 17
VisualStudioVersion = 17.2.32616.157
MinimumVisualStudioVersion = 10.0.40219.1
Project("{9A19103F-16F7-4668-BE54-9A1E7A4F7556}") = "Pronia_Site___Backend", "Pronia Site - Backend\Pronia_Site___Backend.csproj", "{027F8354-2590-4F93-B947-4FC5AECE59F4}"
EndProject
Global
	GlobalSection(SolutionConfigurationPlatforms) = preSolution
		Debug|Any CPU = Debug|Any CPU
		Release|Any CPU = Release|Any CPU
	EndGlobalSection
	GlobalSection(ProjectConfigurationPlatforms) = postSolution
		{027F8354-2590-4F93-B947-4FC5AECE59F4}.Debug|Any CPU.ActiveCfg = Debug|Any CPU
		{027F8354-2590-4F93-B947-4FC5AECE59F4}.Debug|Any CPU.Build.0 = Debug|Any CPU
		{027F8354-2590-4F93-B947-4FC5AECE59F4}.Release|Any CPU.ActiveCfg = Release|Any CPU
		{027F8354-2590-4F93-B947-4FC5AECE59F4}.Release|Any CPU.Build.0 = Release|Any CPU
	EndGlobalSection
	GlobalSection(SolutionProperties) = preSolution
		HideSolutionNode = FALSE
	EndGlobalSection
	GlobalSection(ExtensibilityGlobals) = postSolution
		SolutionGuid = {AF64B116-C037-4B24-8029-0D5C406C81D3}
	EndGlobalSection
EndGlobal
